// !$*UTF8*$!
{
	archiveVersion = 1;
	classes = {
	};
	objectVersion = 50;
	objects = {

/* Begin PBXBuildFile section */
		62860487247CBD470004F80D /* AppDelegate.swift in Sources */ = {isa = PBXBuildFile; fileRef = 62860486247CBD470004F80D /* AppDelegate.swift */; };
		62860489247CBD470004F80D /* SceneDelegate.swift in Sources */ = {isa = PBXBuildFile; fileRef = 62860488247CBD470004F80D /* SceneDelegate.swift */; };
		6286048B247CBD470004F80D /* ViewController.swift in Sources */ = {isa = PBXBuildFile; fileRef = 6286048A247CBD470004F80D /* ViewController.swift */; };
		6286048E247CBD470004F80D /* Main.storyboard in Resources */ = {isa = PBXBuildFile; fileRef = 6286048C247CBD470004F80D /* Main.storyboard */; };
		62860490247CBD4E0004F80D /* Assets.xcassets in Resources */ = {isa = PBXBuildFile; fileRef = 6286048F247CBD4E0004F80D /* Assets.xcassets */; };
		62860493247CBD4E0004F80D /* LaunchScreen.storyboard in Resources */ = {isa = PBXBuildFile; fileRef = 62860491247CBD4E0004F80D /* LaunchScreen.storyboard */; };
		6286049E247CBD4E0004F80D /* Lottery649Tests.swift in Sources */ = {isa = PBXBuildFile; fileRef = 6286049D247CBD4E0004F80D /* Lottery649Tests.swift */; };
		628604A9247CBD4E0004F80D /* Lottery649UITests.swift in Sources */ = {isa = PBXBuildFile; fileRef = 628604A8247CBD4E0004F80D /* Lottery649UITests.swift */; };
/* End PBXBuildFile section */

/* Begin PBXContainerItemProxy section */
		6286049A247CBD4E0004F80D /* PBXContainerItemProxy */ = {
			isa = PBXContainerItemProxy;
			containerPortal = 6286047B247CBD470004F80D /* Project object */;
			proxyType = 1;
			remoteGlobalIDString = 62860482247CBD470004F80D;
			remoteInfo = Lottery649;
		};
		628604A5247CBD4E0004F80D /* PBXContainerItemProxy */ = {
			isa = PBXContainerItemProxy;
			containerPortal = 6286047B247CBD470004F80D /* Project object */;
			proxyType = 1;
			remoteGlobalIDString = 62860482247CBD470004F80D;
			remoteInfo = Lottery649;
		};
/* End PBXContainerItemProxy section */

/* Begin PBXFileReference section */
		62860483247CBD470004F80D /* Lottery649.app */ = {isa = PBXFileReference; explicitFileType = wrapper.application; includeInIndex = 0; path = Lottery649.app; sourceTree = BUILT_PRODUCTS_DIR; };
		62860486247CBD470004F80D /* AppDelegate.swift */ = {isa = PBXFileReference; lastKnownFileType = sourcecode.swift; path = AppDelegate.swift; sourceTree = "<group>"; };
		62860488247CBD470004F80D /* SceneDelegate.swift */ = {isa = PBXFileReference; lastKnownFileType = sourcecode.swift; path = SceneDelegate.swift; sourceTree = "<group>"; };
		6286048A247CBD470004F80D /* ViewController.swift */ = {isa = PBXFileReference; lastKnownFileType = sourcecode.swift; path = ViewController.swift; sourceTree = "<group>"; };
		6286048D247CBD470004F80D /* Base */ = {isa = PBXFileReference; lastKnownFileType = file.storyboard; name = Base; path = Base.lproj/Main.storyboard; sourceTree = "<group>"; };
		6286048F247CBD4E0004F80D /* Assets.xcassets */ = {isa = PBXFileReference; lastKnownFileType = folder.assetcatalog; path = Assets.xcassets; sourceTree = "<group>"; };
		62860492247CBD4E0004F80D /* Base */ = {isa = PBXFileReference; lastKnownFileType = file.storyboard; name = Base; path = Base.lproj/LaunchScreen.storyboard; sourceTree = "<group>"; };
		62860494247CBD4E0004F80D /* Info.plist */ = {isa = PBXFileReference; lastKnownFileType = text.plist.xml; path = Info.plist; sourceTree = "<group>"; };
		62860499247CBD4E0004F80D /* Lottery649Tests.xctest */ = {isa = PBXFileReference; explicitFileType = wrapper.cfbundle; includeInIndex = 0; path = Lottery649Tests.xctest; sourceTree = BUILT_PRODUCTS_DIR; };
		6286049D247CBD4E0004F80D /* Lottery649Tests.swift */ = {isa = PBXFileReference; lastKnownFileType = sourcecode.swift; path = Lottery649Tests.swift; sourceTree = "<group>"; };
		6286049F247CBD4E0004F80D /* Info.plist */ = {isa = PBXFileReference; lastKnownFileType = text.plist.xml; path = Info.plist; sourceTree = "<group>"; };
		628604A4247CBD4E0004F80D /* Lottery649UITests.xctest */ = {isa = PBXFileReference; explicitFileType = wrapper.cfbundle; includeInIndex = 0; path = Lottery649UITests.xctest; sourceTree = BUILT_PRODUCTS_DIR; };
		628604A8247CBD4E0004F80D /* Lottery649UITests.swift */ = {isa = PBXFileReference; lastKnownFileType = sourcecode.swift; path = Lottery649UITests.swift; sourceTree = "<group>"; };
		628604AA247CBD4E0004F80D /* Info.plist */ = {isa = PBXFileReference; lastKnownFileType = text.plist.xml; path = Info.plist; sourceTree = "<group>"; };
/* End PBXFileReference section */

/* Begin PBXFrameworksBuildPhase section */
		62860480247CBD470004F80D /* Frameworks */ = {
			isa = PBXFrameworksBuildPhase;
			buildActionMask = 2147483647;
			files = (
			);
			runOnlyForDeploymentPostprocessing = 0;
		};
		62860496247CBD4E0004F80D /* Frameworks */ = {
			isa = PBXFrameworksBuildPhase;
			buildActionMask = 2147483647;
			files = (
			);
			runOnlyForDeploymentPostprocessing = 0;
		};
		628604A1247CBD4E0004F80D /* Frameworks */ = {
			isa = PBXFrameworksBuildPhase;
			buildActionMask = 2147483647;
			files = (
			);
			runOnlyForDeploymentPostprocessing = 0;
		};
/* End PBXFrameworksBuildPhase section */

/* Begin PBXGroup section */
		6286047A247CBD470004F80D = {
			isa = PBXGroup;
			children = (
				62860485247CBD470004F80D /* Lottery649 */,
				6286049C247CBD4E0004F80D /* Lottery649Tests */,
				628604A7247CBD4E0004F80D /* Lottery649UITests */,
				62860484247CBD470004F80D /* Products */,
			);
			sourceTree = "<group>";
		};
		62860484247CBD470004F80D /* Products */ = {
			isa = PBXGroup;
			children = (
				62860483247CBD470004F80D /* Lottery649.app */,
				62860499247CBD4E0004F80D /* Lottery649Tests.xctest */,
				628604A4247CBD4E0004F80D /* Lottery649UITests.xctest */,
			);
			name = Products;
			sourceTree = "<group>";
		};
		62860485247CBD470004F80D /* Lottery649 */ = {
			isa = PBXGroup;
			children = (
				62860486247CBD470004F80D /* AppDelegate.swift */,
				62860488247CBD470004F80D /* SceneDelegate.swift */,
				6286048A247CBD470004F80D /* ViewController.swift */,
				6286048C247CBD470004F80D /* Main.storyboard */,
				6286048F247CBD4E0004F80D /* Assets.xcassets */,
				62860491247CBD4E0004F80D /* LaunchScreen.storyboard */,
				62860494247CBD4E0004F80D /* Info.plist */,
			);
			path = Lottery649;
			sourceTree = "<group>";
		};
		6286049C247CBD4E0004F80D /* Lottery649Tests */ = {
			isa = PBXGroup;
			children = (
				6286049D247CBD4E0004F80D /* Lottery649Tests.swift */,
				6286049F247CBD4E0004F80D /* Info.plist */,
			);
			path = Lottery649Tests;
			sourceTree = "<group>";
		};
		628604A7247CBD4E0004F80D /* Lottery649UITests */ = {
			isa = PBXGroup;
			children = (
				628604A8247CBD4E0004F80D /* Lottery649UITests.swift */,
				628604AA247CBD4E0004F80D /* Info.plist */,
			);
			path = Lottery649UITests;
			sourceTree = "<group>";
		};
/* End PBXGroup section */

/* Begin PBXNativeTarget section */
		62860482247CBD470004F80D /* Lottery649 */ = {
			isa = PBXNativeTarget;
			buildConfigurationList = 628604AD247CBD4E0004F80D /* Build configuration list for PBXNativeTarget "Lottery649" */;
			buildPhases = (
				6286047F247CBD470004F80D /* Sources */,
				62860480247CBD470004F80D /* Frameworks */,
				62860481247CBD470004F80D /* Resources */,
			);
			buildRules = (
			);
			dependencies = (
			);
			name = Lottery649;
			productName = Lottery649;
			productReference = 62860483247CBD470004F80D /* Lottery649.app */;
			productType = "com.apple.product-type.application";
		};
		62860498247CBD4E0004F80D /* Lottery649Tests */ = {
			isa = PBXNativeTarget;
			buildConfigurationList = 628604B0247CBD4E0004F80D /* Build configuration list for PBXNativeTarget "Lottery649Tests" */;
			buildPhases = (
				62860495247CBD4E0004F80D /* Sources */,
				62860496247CBD4E0004F80D /* Frameworks */,
				62860497247CBD4E0004F80D /* Resources */,
			);
			buildRules = (
			);
			dependencies = (
				6286049B247CBD4E0004F80D /* PBXTargetDependency */,
			);
			name = Lottery649Tests;
			productName = Lottery649Tests;
			productReference = 62860499247CBD4E0004F80D /* Lottery649Tests.xctest */;
			productType = "com.apple.product-type.bundle.unit-test";
		};
		628604A3247CBD4E0004F80D /* Lottery649UITests */ = {
			isa = PBXNativeTarget;
			buildConfigurationList = 628604B3247CBD4E0004F80D /* Build configuration list for PBXNativeTarget "Lottery649UITests" */;
			buildPhases = (
				628604A0247CBD4E0004F80D /* Sources */,
				628604A1247CBD4E0004F80D /* Frameworks */,
				628604A2247CBD4E0004F80D /* Resources */,
			);
			buildRules = (
			);
			dependencies = (
				628604A6247CBD4E0004F80D /* PBXTargetDependency */,
			);
			name = Lottery649UITests;
			productName = Lottery649UITests;
			productReference = 628604A4247CBD4E0004F80D /* Lottery649UITests.xctest */;
			productType = "com.apple.product-type.bundle.ui-testing";
		};
/* End PBXNativeTarget section */

/* Begin PBXProject section */
		6286047B247CBD470004F80D /* Project object */ = {
			isa = PBXProject;
			attributes = {
				LastSwiftUpdateCheck = 1130;
				LastUpgradeCheck = 1130;
				ORGANIZATIONNAME = "Claire De Guzman";
				TargetAttributes = {
					62860482247CBD470004F80D = {
						CreatedOnToolsVersion = 11.3.1;
					};
					62860498247CBD4E0004F80D = {
						CreatedOnToolsVersion = 11.3.1;
						TestTargetID = 62860482247CBD470004F80D;
					};
					628604A3247CBD4E0004F80D = {
						CreatedOnToolsVersion = 11.3.1;
						TestTargetID = 62860482247CBD470004F80D;
					};
				};
			};
			buildConfigurationList = 6286047E247CBD470004F80D /* Build configuration list for PBXProject "Lottery649" */;
			compatibilityVersion = "Xcode 9.3";
			developmentRegion = en;
			hasScannedForEncodings = 0;
			knownRegions = (
				en,
				Base,
			);
			mainGroup = 6286047A247CBD470004F80D;
			productRefGroup = 62860484247CBD470004F80D /* Products */;
			projectDirPath = "";
			projectRoot = "";
			targets = (
				62860482247CBD470004F80D /* Lottery649 */,
				62860498247CBD4E0004F80D /* Lottery649Tests */,
				628604A3247CBD4E0004F80D /* Lottery649UITests */,
			);
		};
/* End PBXProject section */

/* Begin PBXResourcesBuildPhase section */
		62860481247CBD470004F80D /* Resources */ = {
			isa = PBXResourcesBuildPhase;
			buildActionMask = 2147483647;
			files = (
				62860493247CBD4E0004F80D /* LaunchScreen.storyboard in Resources */,
				62860490247CBD4E0004F80D /* Assets.xcassets in Resources */,
				6286048E247CBD470004F80D /* Main.storyboard in Resources */,
			);
			runOnlyForDeploymentPostprocessing = 0;
		};
		62860497247CBD4E0004F80D /* Resources */ = {
			isa = PBXResourcesBuildPhase;
			buildActionMask = 2147483647;
			files = (
			);
			runOnlyForDeploymentPostprocessing = 0;
		};
		628604A2247CBD4E0004F80D /* Resources */ = {
			isa = PBXResourcesBuildPhase;
			buildActionMask = 2147483647;
			files = (
			);
			runOnlyForDeploymentPostprocessing = 0;
		};
/* End PBXResourcesBuildPhase section */

/* Begin PBXSourcesBuildPhase section */
		6286047F247CBD470004F80D /* Sources */ = {
			isa = PBXSourcesBuildPhase;
			buildActionMask = 2147483647;
			files = (
				6286048B247CBD470004F80D /* ViewController.swift in Sources */,
				62860487247CBD470004F80D /* AppDelegate.swift in Sources */,
				62860489247CBD470004F80D /* SceneDelegate.swift in Sources */,
			);
			runOnlyForDeploymentPostprocessing = 0;
		};
		62860495247CBD4E0004F80D /* Sources */ = {
			isa = PBXSourcesBuildPhase;
			buildActionMask = 2147483647;
			files = (
				6286049E247CBD4E0004F80D /* Lottery649Tests.swift in Sources */,
			);
			runOnlyForDeploymentPostprocessing = 0;
		};
		628604A0247CBD4E0004F80D /* Sources */ = {
			isa = PBXSourcesBuildPhase;
			buildActionMask = 2147483647;
			files = (
				628604A9247CBD4E0004F80D /* Lottery649UITests.swift in Sources */,
			);
			runOnlyForDeploymentPostprocessing = 0;
		};
/* End PBXSourcesBuildPhase section */

/* Begin PBXTargetDependency section */
		6286049B247CBD4E0004F80D /* PBXTargetDependency */ = {
			isa = PBXTargetDependency;
			target = 62860482247CBD470004F80D /* Lottery649 */;
			targetProxy = 6286049A247CBD4E0004F80D /* PBXContainerItemProxy */;
		};
		628604A6247CBD4E0004F80D /* PBXTargetDependency */ = {
			isa = PBXTargetDependency;
			target = 62860482247CBD470004F80D /* Lottery649 */;
			targetProxy = 628604A5247CBD4E0004F80D /* PBXContainerItemProxy */;
		};
/* End PBXTargetDependency section */

/* Begin PBXVariantGroup section */
		6286048C247CBD470004F80D /* Main.storyboard */ = {
			isa = PBXVariantGroup;
			children = (
				6286048D247CBD470004F80D /* Base */,
			);
			name = Main.storyboard;
			sourceTree = "<group>";
		};
		62860491247CBD4E0004F80D /* LaunchScreen.storyboard */ = {
			isa = PBXVariantGroup;
			children = (
				62860492247CBD4E0004F80D /* Base */,
			);
			name = LaunchScreen.storyboard;
			sourceTree = "<group>";
		};
/* End PBXVariantGroup section */

/* Begin XCBuildConfiguration section */
		628604AB247CBD4E0004F80D /* Debug */ = {
			isa = XCBuildConfiguration;
			buildSettings = {
				ALWAYS_SEARCH_USER_PATHS = NO;
				CLANG_ANALYZER_NONNULL = YES;
				CLANG_ANALYZER_NUMBER_OBJECT_CONVERSION = YES_AGGRESSIVE;
				CLANG_CXX_LANGUAGE_STANDARD = "gnu++14";
				CLANG_CXX_LIBRARY = "libc++";
				CLANG_ENABLE_MODULES = YES;
				CLANG_ENABLE_OBJC_ARC = YES;
				CLANG_ENABLE_OBJC_WEAK = YES;
				CLANG_WARN_BLOCK_CAPTURE_AUTORELEASING = YES;
				CLANG_WARN_BOOL_CONVERSION = YES;
				CLANG_WARN_COMMA = YES;
				CLANG_WARN_CONSTANT_CONVERSION = YES;
				CLANG_WARN_DEPRECATED_OBJC_IMPLEMENTATIONS = YES;
				CLANG_WARN_DIRECT_OBJC_ISA_USAGE = YES_ERROR;
				CLANG_WARN_DOCUMENTATION_COMMENTS = YES;
				CLANG_WARN_EMPTY_BODY = YES;
				CLANG_WARN_ENUM_CONVERSION = YES;
				CLANG_WARN_INFINITE_RECURSION = YES;
				CLANG_WARN_INT_CONVERSION = YES;
				CLANG_WARN_NON_LITERAL_NULL_CONVERSION = YES;
				CLANG_WARN_OBJC_IMPLICIT_RETAIN_SELF = YES;
				CLANG_WARN_OBJC_LITERAL_CONVERSION = YES;
				CLANG_WARN_OBJC_ROOT_CLASS = YES_ERROR;
				CLANG_WARN_RANGE_LOOP_ANALYSIS = YES;
				CLANG_WARN_STRICT_PROTOTYPES = YES;
				CLANG_WARN_SUSPICIOUS_MOVE = YES;
				CLANG_WARN_UNGUARDED_AVAILABILITY = YES_AGGRESSIVE;
				CLANG_WARN_UNREACHABLE_CODE = YES;
				CLANG_WARN__DUPLICATE_METHOD_MATCH = YES;
				COPY_PHASE_STRIP = NO;
				DEBUG_INFORMATION_FORMAT = dwarf;
				ENABLE_STRICT_OBJC_MSGSEND = YES;
				ENABLE_TESTABILITY = YES;
				GCC_C_LANGUAGE_STANDARD = gnu11;
				GCC_DYNAMIC_NO_PIC = NO;
				GCC_NO_COMMON_BLOCKS = YES;
				GCC_OPTIMIZATION_LEVEL = 0;
				GCC_PREPROCESSOR_DEFINITIONS = (
					"DEBUG=1",
					"$(inherited)",
				);
				GCC_WARN_64_TO_32_BIT_CONVERSION = YES;
				GCC_WARN_ABOUT_RETURN_TYPE = YES_ERROR;
				GCC_WARN_UNDECLARED_SELECTOR = YES;
				GCC_WARN_UNINITIALIZED_AUTOS = YES_AGGRESSIVE;
				GCC_WARN_UNUSED_FUNCTION = YES;
				GCC_WARN_UNUSED_VARIABLE = YES;
				IPHONEOS_DEPLOYMENT_TARGET = 13.2;
				MTL_ENABLE_DEBUG_INFO = INCLUDE_SOURCE;
				MTL_FAST_MATH = YES;
				ONLY_ACTIVE_ARCH = YES;
				SDKROOT = iphoneos;
				SWIFT_ACTIVE_COMPILATION_CONDITIONS = DEBUG;
				SWIFT_OPTIMIZATION_LEVEL = "-Onone";
			};
			name = Debug;
		};
		628604AC247CBD4E0004F80D /* Release */ = {
			isa = XCBuildConfiguration;
			buildSettings = {
				ALWAYS_SEARCH_USER_PATHS = NO;
				CLANG_ANALYZER_NONNULL = YES;
				CLANG_ANALYZER_NUMBER_OBJECT_CONVERSION = YES_AGGRESSIVE;
				CLANG_CXX_LANGUAGE_STANDARD = "gnu++14";
				CLANG_CXX_LIBRARY = "libc++";
				CLANG_ENABLE_MODULES = YES;
				CLANG_ENABLE_OBJC_ARC = YES;
				CLANG_ENABLE_OBJC_WEAK = YES;
				CLANG_WARN_BLOCK_CAPTURE_AUTORELEASING = YES;
				CLANG_WARN_BOOL_CONVERSION = YES;
				CLANG_WARN_COMMA = YES;
				CLANG_WARN_CONSTANT_CONVERSION = YES;
				CLANG_WARN_DEPRECATED_OBJC_IMPLEMENTATIONS = YES;
				CLANG_WARN_DIRECT_OBJC_ISA_USAGE = YES_ERROR;
				CLANG_WARN_DOCUMENTATION_COMMENTS = YES;
				CLANG_WARN_EMPTY_BODY = YES;
				CLANG_WARN_ENUM_CONVERSION = YES;
				CLANG_WARN_INFINITE_RECURSION = YES;
				CLANG_WARN_INT_CONVERSION = YES;
				CLANG_WARN_NON_LITERAL_NULL_CONVERSION = YES;
				CLANG_WARN_OBJC_IMPLICIT_RETAIN_SELF = YES;
				CLANG_WARN_OBJC_LITERAL_CONVERSION = YES;
				CLANG_WARN_OBJC_ROOT_CLASS = YES_ERROR;
				CLANG_WARN_RANGE_LOOP_ANALYSIS = YES;
				CLANG_WARN_STRICT_PROTOTYPES = YES;
				CLANG_WARN_SUSPICIOUS_MOVE = YES;
				CLANG_WARN_UNGUARDED_AVAILABILITY = YES_AGGRESSIVE;
				CLANG_WARN_UNREACHABLE_CODE = YES;
				CLANG_WARN__DUPLICATE_METHOD_MATCH = YES;
				COPY_PHASE_STRIP = NO;
				DEBUG_INFORMATION_FORMAT = "dwarf-with-dsym";
				ENABLE_NS_ASSERTIONS = NO;
				ENABLE_STRICT_OBJC_MSGSEND = YES;
				GCC_C_LANGUAGE_STANDARD = gnu11;
				GCC_NO_COMMON_BLOCKS = YES;
				GCC_WARN_64_TO_32_BIT_CONVERSION = YES;
				GCC_WARN_ABOUT_RETURN_TYPE = YES_ERROR;
				GCC_WARN_UNDECLARED_SELECTOR = YES;
				GCC_WARN_UNINITIALIZED_AUTOS = YES_AGGRESSIVE;
				GCC_WARN_UNUSED_FUNCTION = YES;
				GCC_WARN_UNUSED_VARIABLE = YES;
				IPHONEOS_DEPLOYMENT_TARGET = 13.2;
				MTL_ENABLE_DEBUG_INFO = NO;
				MTL_FAST_MATH = YES;
				SDKROOT = iphoneos;
				SWIFT_COMPILATION_MODE = wholemodule;
				SWIFT_OPTIMIZATION_LEVEL = "-O";
				VALIDATE_PRODUCT = YES;
			};
			name = Release;
		};
		628604AE247CBD4E0004F80D /* Debug */ = {
			isa = XCBuildConfiguration;
			buildSettings = {
				ASSETCATALOG_COMPILER_APPICON_NAME = AppIcon;
				CODE_SIGN_STYLE = Automatic;
				DEVELOPMENT_TEAM = 6XMX5F8RR5;
				INFOPLIST_FILE = Lottery649/Info.plist;
				LD_RUNPATH_SEARCH_PATHS = (
					"$(inherited)",
					"@executable_path/Frameworks",
				);
				PRODUCT_BUNDLE_IDENTIFIER = Liveit.Lottery649;
				PRODUCT_NAME = "$(TARGET_NAME)";
				SWIFT_VERSION = 5.0;
				TARGETED_DEVICE_FAMILY = "1,2";
			};
			name = Debug;
		};
		628604AF247CBD4E0004F80D /* Release */ = {
			isa = XCBuildConfiguration;
			buildSettings = {
				ASSETCATALOG_COMPILER_APPICON_NAME = AppIcon;
				CODE_SIGN_STYLE = Automatic;
				DEVELOPMENT_TEAM = 6XMX5F8RR5;
				INFOPLIST_FILE = Lottery649/Info.plist;
				LD_RUNPATH_SEARCH_PATHS = (
					"$(inherited)",
					"@executable_path/Frameworks",
				);
				PRODUCT_BUNDLE_IDENTIFIER = Liveit.Lottery649;
				PRODUCT_NAME = "$(TARGET_NAME)";
				SWIFT_VERSION = 5.0;
				TARGETED_DEVICE_FAMILY = "1,2";
			};
			name = Release;
		};
		628604B1247CBD4E0004F80D /* Debug */ = {
			isa = XCBuildConfiguration;
			buildSettings = {
				ALWAYS_EMBED_SWIFT_STANDARD_LIBRARIES = YES;
				BUNDLE_LOADER = "$(TEST_HOST)";
				CODE_SIGN_STYLE = Automatic;
				DEVELOPMENT_TEAM = 6XMX5F8RR5;
				INFOPLIST_FILE = Lottery649Tests/Info.plist;
				IPHONEOS_DEPLOYMENT_TARGET = 13.2;
				LD_RUNPATH_SEARCH_PATHS = (
					"$(inherited)",
					"@executable_path/Frameworks",
					"@loader_path/Frameworks",
				);
				PRODUCT_BUNDLE_IDENTIFIER = Liveit.Lottery649Tests;
				PRODUCT_NAME = "$(TARGET_NAME)";
				SWIFT_VERSION = 5.0;
				TARGETED_DEVICE_FAMILY = "1,2";
				TEST_HOST = "$(BUILT_PRODUCTS_DIR)/Lottery649.app/Lottery649";
			};
			name = Debug;
		};
		628604B2247CBD4E0004F80D /* Release */ = {
			isa = XCBuildConfiguration;
			buildSettings = {
				ALWAYS_EMBED_SWIFT_STANDARD_LIBRARIES = YES;
				BUNDLE_LOADER = "$(TEST_HOST)";
				CODE_SIGN_STYLE = Automatic;
				DEVELOPMENT_TEAM = 6XMX5F8RR5;
				INFOPLIST_FILE = Lottery649Tests/Info.plist;
				IPHONEOS_DEPLOYMENT_TARGET = 13.2;
				LD_RUNPATH_SEARCH_PATHS = (
					"$(inherited)",
					"@executable_path/Frameworks",
					"@loader_path/Frameworks",
				);
				PRODUCT_BUNDLE_IDENTIFIER = Liveit.Lottery649Tests;
				PRODUCT_NAME = "$(TARGET_NAME)";
				SWIFT_VERSION = 5.0;
				TARGETED_DEVICE_FAMILY = "1,2";
				TEST_HOST = "$(BUILT_PRODUCTS_DIR)/Lottery649.app/Lottery649";
			};
			name = Release;
		};
		628604B4247CBD4E0004F80D /* Debug */ = {
			isa = XCBuildConfiguration;
			buildSettings = {
				ALWAYS_EMBED_SWIFT_STANDARD_LIBRARIES = YES;
				CODE_SIGN_STYLE = Automatic;
				DEVELOPMENT_TEAM = 6XMX5F8RR5;
				INFOPLIST_FILE = Lottery649UITests/Info.plist;
				LD_RUNPATH_SEARCH_PATHS = (
					"$(inherited)",
					"@executable_path/Frameworks",
					"@loader_path/Frameworks",
				);
				PRODUCT_BUNDLE_IDENTIFIER = Liveit.Lottery649UITests;
				PRODUCT_NAME = "$(TARGET_NAME)";
				SWIFT_VERSION = 5.0;
				TARGETED_DEVICE_FAMILY = "1,2";
				TEST_TARGET_NAME = Lottery649;
			};
			name = Debug;
		};
		628604B5247CBD4E0004F80D /* Release */ = {
			isa = XCBuildConfiguration;
			buildSettings = {
				ALWAYS_EMBED_SWIFT_STANDARD_LIBRARIES = YES;
				CODE_SIGN_STYLE = Automatic;
				DEVELOPMENT_TEAM = 6XMX5F8RR5;
				INFOPLIST_FILE = Lottery649UITests/Info.plist;
				LD_RUNPATH_SEARCH_PATHS = (
					"$(inherited)",
					"@executable_path/Frameworks",
					"@loader_path/Frameworks",
				);
				PRODUCT_BUNDLE_IDENTIFIER = Liveit.Lottery649UITests;
				PRODUCT_NAME = "$(TARGET_NAME)";
				SWIFT_VERSION = 5.0;
				TARGETED_DEVICE_FAMILY = "1,2";
				TEST_TARGET_NAME = Lottery649;
			};
			name = Release;
		};
/* End XCBuildConfiguration section */

/* Begin XCConfigurationList section */
		6286047E247CBD470004F80D /* Build configuration list for PBXProject "Lottery649" */ = {
			isa = XCConfigurationList;
			buildConfigurations = (
				628604AB247CBD4E0004F80D /* Debug */,
				628604AC247CBD4E0004F80D /* Release */,
			);
			defaultConfigurationIsVisible = 0;
			defaultConfigurationName = Release;
		};
		628604AD247CBD4E0004F80D /* Build configuration list for PBXNativeTarget "Lottery649" */ = {
			isa = XCConfigurationList;
			buildConfigurations = (
				628604AE247CBD4E0004F80D /* Debug */,
				628604AF247CBD4E0004F80D /* Release */,
			);
			defaultConfigurationIsVisible = 0;
			defaultConfigurationName = Release;
		};
		628604B0247CBD4E0004F80D /* Build configuration list for PBXNativeTarget "Lottery649Tests" */ = {
			isa = XCConfigurationList;
			buildConfigurations = (
				628604B1247CBD4E0004F80D /* Debug */,
				628604B2247CBD4E0004F80D /* Release */,
			);
			defaultConfigurationIsVisible = 0;
			defaultConfigurationName = Release;
		};
		628604B3247CBD4E0004F80D /* Build configuration list for PBXNativeTarget "Lottery649UITests" */ = {
			isa = XCConfigurationList;
			buildConfigurations = (
				628604B4247CBD4E0004F80D /* Debug */,
				628604B5247CBD4E0004F80D /* Release */,
			);
			defaultConfigurationIsVisible = 0;
			defaultConfigurationName = Release;
		};
/* End XCConfigurationList section */
	};
	rootObject = 6286047B247CBD470004F80D /* Project object */;
}
